
Microsoft Visual Studio Solution File, Format Version 12.00
# Visual Studio 15
VisualStudioVersion = 15.0.28307.852
MinimumVisualStudioVersion = 10.0.40219.1
Project("{FAE04EC0-301F-11D3-BF4B-00C04F79EFBC}") = "MyMenus", "MyMenus\MyMenus.csproj", "{83F856CA-ACFE-4701-B507-190D5DF39074}"
EndProject
Global
	GlobalSection(SolutionConfigurationPlatforms) = preSolution
		Debug|Any CPU = Debug|Any CPU
		Release|Any CPU = Release|Any CPU
	EndGlobalSection
	GlobalSection(ProjectConfigurationPlatforms) = postSolution
		{83F856CA-ACFE-4701-B507-190D5DF39074}.Debug|Any CPU.ActiveCfg = Debug|Any CPU
		{83F856CA-ACFE-4701-B507-190D5DF39074}.Debug|Any CPU.Build.0 = Debug|Any CPU
		{83F856CA-ACFE-4701-B507-190D5DF39074}.Release|Any CPU.ActiveCfg = Release|Any CPU
		{83F856CA-ACFE-4701-B507-190D5DF39074}.Release|Any CPU.Build.0 = Release|Any CPU
	EndGlobalSection
	GlobalSection(SolutionProperties) = preSolution
		HideSolutionNode = FALSE
	EndGlobalSection
	GlobalSection(ExtensibilityGlobals) = postSolution
		SolutionGuid = {56C1B7CE-DC12-4C0E-B534-A94719734340}
	EndGlobalSection
EndGlobal
